
Microsoft Visual Studio Solution File, Format Version 12.00
# Visual Studio Version 16
VisualStudioVersion = 16.0.29905.134
MinimumVisualStudioVersion = 10.0.40219.1
Project("{FAE04EC0-301F-11D3-BF4B-00C04F79EFBC}") = "Spice", "Spice\Spice.csproj", "{980231C0-9617-4ED1-BE02-8F8B602E6F7D}"
EndProject
Global
	GlobalSection(SolutionConfigurationPlatforms) = preSolution
		Debug|Any CPU = Debug|Any CPU
		Release|Any CPU = Release|Any CPU
	EndGlobalSection
	GlobalSection(ProjectConfigurationPlatforms) = postSolution
		{980231C0-9617-4ED1-BE02-8F8B602E6F7D}.Debug|Any CPU.ActiveCfg = Debug|Any CPU
		{980231C0-9617-4ED1-BE02-8F8B602E6F7D}.Debug|Any CPU.Build.0 = Debug|Any CPU
		{980231C0-9617-4ED1-BE02-8F8B602E6F7D}.Release|Any CPU.ActiveCfg = Release|Any CPU
		{980231C0-9617-4ED1-BE02-8F8B602E6F7D}.Release|Any CPU.Build.0 = Release|Any CPU
	EndGlobalSection
	GlobalSection(SolutionProperties) = preSolution
		HideSolutionNode = FALSE
	EndGlobalSection
	GlobalSection(ExtensibilityGlobals) = postSolution
		SolutionGuid = {5476F72D-A09B-4870-9BE1-1D4AAD1D6CE0}
	EndGlobalSection
EndGlobal
